
Microsoft Visual Studio Solution File, Format Version 12.00
# Visual Studio 15
VisualStudioVersion = 15.0.28010.2041
MinimumVisualStudioVersion = 10.0.40219.1
Project("{FAE04EC0-301F-11D3-BF4B-00C04F79EFBC}") = "ThePayCalculator", "ThePayCalculator\ThePayCalculator.csproj", "{FD01F179-F214-4446-BDC3-0DEA4B3221AE}"
EndProject
Global
	GlobalSection(SolutionConfigurationPlatforms) = preSolution
		Debug|Any CPU = Debug|Any CPU
		Release|Any CPU = Release|Any CPU
	EndGlobalSection
	GlobalSection(ProjectConfigurationPlatforms) = postSolution
		{FD01F179-F214-4446-BDC3-0DEA4B3221AE}.Debug|Any CPU.ActiveCfg = Debug|Any CPU
		{FD01F179-F214-4446-BDC3-0DEA4B3221AE}.Debug|Any CPU.Build.0 = Debug|Any CPU
		{FD01F179-F214-4446-BDC3-0DEA4B3221AE}.Release|Any CPU.ActiveCfg = Release|Any CPU
		{FD01F179-F214-4446-BDC3-0DEA4B3221AE}.Release|Any CPU.Build.0 = Release|Any CPU
	EndGlobalSection
	GlobalSection(SolutionProperties) = preSolution
		HideSolutionNode = FALSE
	EndGlobalSection
	GlobalSection(ExtensibilityGlobals) = postSolution
		SolutionGuid = {38F9368F-9C30-4038-ADB7-FEB05D905424}
	EndGlobalSection
EndGlobal
